
Microsoft Visual Studio Solution File, Format Version 12.00
# Visual Studio 15
VisualStudioVersion = 15.0.27703.2047
MinimumVisualStudioVersion = 10.0.40219.1
Project("{FAE04EC0-301F-11D3-BF4B-00C04F79EFBC}") = "WikiStorage", "App18\WikiStorage.csproj", "{7E5A28B4-1787-4085-9775-392FC0FCA57B}"
EndProject
Global
	GlobalSection(SolutionConfigurationPlatforms) = preSolution
		Debug|ARM = Debug|ARM
		Debug|x64 = Debug|x64
		Debug|x86 = Debug|x86
		Release|ARM = Release|ARM
		Release|x64 = Release|x64
		Release|x86 = Release|x86
	EndGlobalSection
	GlobalSection(ProjectConfigurationPlatforms) = postSolution
		{7E5A28B4-1787-4085-9775-392FC0FCA57B}.Debug|ARM.ActiveCfg = Debug|ARM
		{7E5A28B4-1787-4085-9775-392FC0FCA57B}.Debug|ARM.Build.0 = Debug|ARM
		{7E5A28B4-1787-4085-9775-392FC0FCA57B}.Debug|ARM.Deploy.0 = Debug|ARM
		{7E5A28B4-1787-4085-9775-392FC0FCA57B}.Debug|x64.ActiveCfg = Debug|x64
		{7E5A28B4-1787-4085-9775-392FC0FCA57B}.Debug|x64.Build.0 = Debug|x64
		{7E5A28B4-1787-4085-9775-392FC0FCA57B}.Debug|x64.Deploy.0 = Debug|x64
		{7E5A28B4-1787-4085-9775-392FC0FCA57B}.Debug|x86.ActiveCfg = Debug|x86
		{7E5A28B4-1787-4085-9775-392FC0FCA57B}.Debug|x86.Build.0 = Debug|x86
		{7E5A28B4-1787-4085-9775-392FC0FCA57B}.Debug|x86.Deploy.0 = Debug|x86
		{7E5A28B4-1787-4085-9775-392FC0FCA57B}.Release|ARM.ActiveCfg = Release|ARM
		{7E5A28B4-1787-4085-9775-392FC0FCA57B}.Release|ARM.Build.0 = Release|ARM
		{7E5A28B4-1787-4085-9775-392FC0FCA57B}.Release|ARM.Deploy.0 = Release|ARM
		{7E5A28B4-1787-4085-9775-392FC0FCA57B}.Release|x64.ActiveCfg = Release|x64
		{7E5A28B4-1787-4085-9775-392FC0FCA57B}.Release|x64.Build.0 = Release|x64
		{7E5A28B4-1787-4085-9775-392FC0FCA57B}.Release|x64.Deploy.0 = Release|x64
		{7E5A28B4-1787-4085-9775-392FC0FCA57B}.Release|x86.ActiveCfg = Release|x86
		{7E5A28B4-1787-4085-9775-392FC0FCA57B}.Release|x86.Build.0 = Release|x86
		{7E5A28B4-1787-4085-9775-392FC0FCA57B}.Release|x86.Deploy.0 = Release|x86
	EndGlobalSection
	GlobalSection(SolutionProperties) = preSolution
		HideSolutionNode = FALSE
	EndGlobalSection
	GlobalSection(ExtensibilityGlobals) = postSolution
		SolutionGuid = {43869222-8E93-4743-B958-7ABDB52266CD}
	EndGlobalSection
EndGlobal
